// !$*UTF8*$!
{
	archiveVersion = 1;
	classes = {
	};
	objectVersion = 46;
	objects = {

/* Begin PBXBuildFile section */
		0743496D1F782FFD00F02228 /* IGConstants.swift in Sources */ = {isa = PBXBuildFile; fileRef = 0743496C1F782FFD00F02228 /* IGConstants.swift */; };
		0774D51A1F7641AF0089791B /* IGSnapProgressView.swift in Sources */ = {isa = PBXBuildFile; fileRef = 0774D5191F7641AF0089791B /* IGSnapProgressView.swift */; };
		078E413A1F61E83200222191 /* IGSnap.swift in Sources */ = {isa = PBXBuildFile; fileRef = 078E41381F61E83200222191 /* IGSnap.swift */; };
		078E413B1F61E83200222191 /* IGStory.swift in Sources */ = {isa = PBXBuildFile; fileRef = 078E41391F61E83200222191 /* IGStory.swift */; };
		078E413D1F61E86500222191 /* stories.json in Resources */ = {isa = PBXBuildFile; fileRef = 078E413C1F61E86500222191 /* stories.json */; };
		078E413F1F61EA2A00222191 /* IGStories.swift in Sources */ = {isa = PBXBuildFile; fileRef = 078E413E1F61EA2A00222191 /* IGStories.swift */; };
		078E41431F62092C00222191 /* IGUser.swift in Sources */ = {isa = PBXBuildFile; fileRef = 078E41421F62092C00222191 /* IGUser.swift */; };
		078E41461F62137E00222191 /* ImageView+Additions.swift in Sources */ = {isa = PBXBuildFile; fileRef = 078E41451F62137E00222191 /* ImageView+Additions.swift */; };
		078E41481F62140000222191 /* Color+Additions.swift in Sources */ = {isa = PBXBuildFile; fileRef = 078E41471F6213FF00222191 /* Color+Additions.swift */; };
		07B380C41F7C5AC800577D01 /* IGStory+Additions.swift in Sources */ = {isa = PBXBuildFile; fileRef = 07B380C31F7C5AC800577D01 /* IGStory+Additions.swift */; };
		07EBE8F11F672951007BCF29 /* IGCommon.swift in Sources */ = {isa = PBXBuildFile; fileRef = 07EBE8F01F672951007BCF29 /* IGCommon.swift */; };
		07FDECD71F5FD9BA004BC833 /* AppDelegate.swift in Sources */ = {isa = PBXBuildFile; fileRef = 07FDECD61F5FD9BA004BC833 /* AppDelegate.swift */; };
		07FDECDE1F5FD9BA004BC833 /* Assets.xcassets in Resources */ = {isa = PBXBuildFile; fileRef = 07FDECDD1F5FD9BA004BC833 /* Assets.xcassets */; };
		07FDECE11F5FD9BA004BC833 /* LaunchScreen.storyboard in Resources */ = {isa = PBXBuildFile; fileRef = 07FDECDF1F5FD9BA004BC833 /* LaunchScreen.storyboard */; };
		109966121F6053DA005292CF /* IGAddStoryCell.swift in Sources */ = {isa = PBXBuildFile; fileRef = 109966081F6053DA005292CF /* IGAddStoryCell.swift */; };
		109966131F6053DA005292CF /* IGAddStoryCell.xib in Resources */ = {isa = PBXBuildFile; fileRef = 109966091F6053DA005292CF /* IGAddStoryCell.xib */; };
		109966141F6053DA005292CF /* IGHomeController.swift in Sources */ = {isa = PBXBuildFile; fileRef = 1099660A1F6053DA005292CF /* IGHomeController.swift */; };
		109966151F6053DA005292CF /* IGHomeController.xib in Resources */ = {isa = PBXBuildFile; fileRef = 1099660B1F6053DA005292CF /* IGHomeController.xib */; };
		109966161F6053DA005292CF /* IGStoryListCell.swift in Sources */ = {isa = PBXBuildFile; fileRef = 1099660C1F6053DA005292CF /* IGStoryListCell.swift */; };
		109966171F6053DA005292CF /* IGStoryListCell.xib in Resources */ = {isa = PBXBuildFile; fileRef = 1099660D1F6053DA005292CF /* IGStoryListCell.xib */; };
		109966181F6053DA005292CF /* IGStoryPreviewCell.swift in Sources */ = {isa = PBXBuildFile; fileRef = 1099660E1F6053DA005292CF /* IGStoryPreviewCell.swift */; };
		109966191F6053DA005292CF /* IGStoryPreviewCell.xib in Resources */ = {isa = PBXBuildFile; fileRef = 1099660F1F6053DA005292CF /* IGStoryPreviewCell.xib */; };
		1099661A1F6053DA005292CF /* IGStoryPreviewController.swift in Sources */ = {isa = PBXBuildFile; fileRef = 109966101F6053DA005292CF /* IGStoryPreviewController.swift */; };
		1099661B1F6053DA005292CF /* IGStoryPreviewController.xib in Resources */ = {isa = PBXBuildFile; fileRef = 109966111F6053DA005292CF /* IGStoryPreviewController.xib */; };
		109966201F6057FB005292CF /* IGStoryPreviewHeaderView.swift in Sources */ = {isa = PBXBuildFile; fileRef = 1099661F1F6057FB005292CF /* IGStoryPreviewHeaderView.swift */; };
		109966221F605818005292CF /* IGStoryPreviewHeaderView.xib in Resources */ = {isa = PBXBuildFile; fileRef = 109966211F605818005292CF /* IGStoryPreviewHeaderView.xib */; };
		10E19A211F88E0DB00170EFA /* IGSnap+Additions.swift in Sources */ = {isa = PBXBuildFile; fileRef = 10E19A201F88E0DB00170EFA /* IGSnap+Additions.swift */; };
		1BFEE8405F8F82FD47FB2942 /* Pods_InstagramStories.framework in Frameworks */ = {isa = PBXBuildFile; fileRef = ADA43F7946E12BD10112B34C /* Pods_InstagramStories.framework */; };
/* End PBXBuildFile section */

/* Begin PBXFileReference section */
		0743496C1F782FFD00F02228 /* IGConstants.swift */ = {isa = PBXFileReference; fileEncoding = 4; lastKnownFileType = sourcecode.swift; name = IGConstants.swift; path = Common/IGConstants.swift; sourceTree = "<group>"; };
		0774D5191F7641AF0089791B /* IGSnapProgressView.swift */ = {isa = PBXFileReference; fileEncoding = 4; lastKnownFileType = sourcecode.swift; name = IGSnapProgressView.swift; path = Controllers/IGSnapProgressView.swift; sourceTree = "<group>"; };
		078E41381F61E83200222191 /* IGSnap.swift */ = {isa = PBXFileReference; fileEncoding = 4; lastKnownFileType = sourcecode.swift; name = IGSnap.swift; path = Models/IGSnap.swift; sourceTree = "<group>"; };
		078E41391F61E83200222191 /* IGStory.swift */ = {isa = PBXFileReference; fileEncoding = 4; lastKnownFileType = sourcecode.swift; name = IGStory.swift; path = Models/IGStory.swift; sourceTree = "<group>"; };
		078E413C1F61E86500222191 /* stories.json */ = {isa = PBXFileReference; fileEncoding = 4; lastKnownFileType = text.json; name = stories.json; path = Stubs/stories.json; sourceTree = "<group>"; };
		078E413E1F61EA2A00222191 /* IGStories.swift */ = {isa = PBXFileReference; fileEncoding = 4; lastKnownFileType = sourcecode.swift; name = IGStories.swift; path = Models/IGStories.swift; sourceTree = "<group>"; };
		078E41421F62092C00222191 /* IGUser.swift */ = {isa = PBXFileReference; fileEncoding = 4; lastKnownFileType = sourcecode.swift; name = IGUser.swift; path = Models/IGUser.swift; sourceTree = "<group>"; };
		078E41451F62137E00222191 /* ImageView+Additions.swift */ = {isa = PBXFileReference; fileEncoding = 4; lastKnownFileType = sourcecode.swift; name = "ImageView+Additions.swift"; path = "Extension/ImageView+Additions.swift"; sourceTree = "<group>"; };
		078E41471F6213FF00222191 /* Color+Additions.swift */ = {isa = PBXFileReference; fileEncoding = 4; lastKnownFileType = sourcecode.swift; name = "Color+Additions.swift"; path = "Extension/Color+Additions.swift"; sourceTree = "<group>"; };
		07B380C31F7C5AC800577D01 /* IGStory+Additions.swift */ = {isa = PBXFileReference; lastKnownFileType = sourcecode.swift; name = "IGStory+Additions.swift"; path = "Models/IGStory+Additions.swift"; sourceTree = "<group>"; };
		07EBE8F01F672951007BCF29 /* IGCommon.swift */ = {isa = PBXFileReference; fileEncoding = 4; lastKnownFileType = sourcecode.swift; name = IGCommon.swift; path = Common/IGCommon.swift; sourceTree = "<group>"; };
		07FDECD31F5FD9BA004BC833 /* InstagramStories.app */ = {isa = PBXFileReference; explicitFileType = wrapper.application; includeInIndex = 0; path = InstagramStories.app; sourceTree = BUILT_PRODUCTS_DIR; };
		07FDECD61F5FD9BA004BC833 /* AppDelegate.swift */ = {isa = PBXFileReference; lastKnownFileType = sourcecode.swift; path = AppDelegate.swift; sourceTree = "<group>"; };
		07FDECDD1F5FD9BA004BC833 /* Assets.xcassets */ = {isa = PBXFileReference; lastKnownFileType = folder.assetcatalog; path = Assets.xcassets; sourceTree = "<group>"; };
		07FDECE01F5FD9BA004BC833 /* Base */ = {isa = PBXFileReference; lastKnownFileType = file.storyboard; name = Base; path = Base.lproj/LaunchScreen.storyboard; sourceTree = "<group>"; };
		07FDECE21F5FD9BA004BC833 /* Info.plist */ = {isa = PBXFileReference; lastKnownFileType = text.plist.xml; path = Info.plist; sourceTree = "<group>"; };
		109966081F6053DA005292CF /* IGAddStoryCell.swift */ = {isa = PBXFileReference; fileEncoding = 4; lastKnownFileType = sourcecode.swift; name = IGAddStoryCell.swift; path = Controllers/IGAddStoryCell.swift; sourceTree = "<group>"; };
		109966091F6053DA005292CF /* IGAddStoryCell.xib */ = {isa = PBXFileReference; fileEncoding = 4; lastKnownFileType = file.xib; name = IGAddStoryCell.xib; path = Controllers/IGAddStoryCell.xib; sourceTree = "<group>"; };
		1099660A1F6053DA005292CF /* IGHomeController.swift */ = {isa = PBXFileReference; fileEncoding = 4; lastKnownFileType = sourcecode.swift; name = IGHomeController.swift; path = Controllers/IGHomeController.swift; sourceTree = "<group>"; };
		1099660B1F6053DA005292CF /* IGHomeController.xib */ = {isa = PBXFileReference; fileEncoding = 4; lastKnownFileType = file.xib; name = IGHomeController.xib; path = Controllers/IGHomeController.xib; sourceTree = "<group>"; };
		1099660C1F6053DA005292CF /* IGStoryListCell.swift */ = {isa = PBXFileReference; fileEncoding = 4; lastKnownFileType = sourcecode.swift; name = IGStoryListCell.swift; path = Controllers/IGStoryListCell.swift; sourceTree = "<group>"; };
		1099660D1F6053DA005292CF /* IGStoryListCell.xib */ = {isa = PBXFileReference; fileEncoding = 4; lastKnownFileType = file.xib; name = IGStoryListCell.xib; path = Controllers/IGStoryListCell.xib; sourceTree = "<group>"; };
		1099660E1F6053DA005292CF /* IGStoryPreviewCell.swift */ = {isa = PBXFileReference; fileEncoding = 4; lastKnownFileType = sourcecode.swift; name = IGStoryPreviewCell.swift; path = Controllers/IGStoryPreviewCell.swift; sourceTree = "<group>"; };
		1099660F1F6053DA005292CF /* IGStoryPreviewCell.xib */ = {isa = PBXFileReference; fileEncoding = 4; lastKnownFileType = file.xib; name = IGStoryPreviewCell.xib; path = Controllers/IGStoryPreviewCell.xib; sourceTree = "<group>"; };
		109966101F6053DA005292CF /* IGStoryPreviewController.swift */ = {isa = PBXFileReference; fileEncoding = 4; lastKnownFileType = sourcecode.swift; name = IGStoryPreviewController.swift; path = Controllers/IGStoryPreviewController.swift; sourceTree = "<group>"; };
		109966111F6053DA005292CF /* IGStoryPreviewController.xib */ = {isa = PBXFileReference; fileEncoding = 4; lastKnownFileType = file.xib; name = IGStoryPreviewController.xib; path = Controllers/IGStoryPreviewController.xib; sourceTree = "<group>"; };
		1099661F1F6057FB005292CF /* IGStoryPreviewHeaderView.swift */ = {isa = PBXFileReference; fileEncoding = 4; lastKnownFileType = sourcecode.swift; name = IGStoryPreviewHeaderView.swift; path = Controllers/IGStoryPreviewHeaderView.swift; sourceTree = "<group>"; };
		109966211F605818005292CF /* IGStoryPreviewHeaderView.xib */ = {isa = PBXFileReference; fileEncoding = 4; lastKnownFileType = file.xib; name = IGStoryPreviewHeaderView.xib; path = Controllers/IGStoryPreviewHeaderView.xib; sourceTree = "<group>"; };
		10E19A201F88E0DB00170EFA /* IGSnap+Additions.swift */ = {isa = PBXFileReference; lastKnownFileType = sourcecode.swift; name = "IGSnap+Additions.swift"; path = "Extension/IGSnap+Additions.swift"; sourceTree = "<group>"; };
		56918266D90E0721D78EBEA7 /* Pods-InstagramStories.debug.xcconfig */ = {isa = PBXFileReference; includeInIndex = 1; lastKnownFileType = text.xcconfig; name = "Pods-InstagramStories.debug.xcconfig"; path = "Pods/Target Support Files/Pods-InstagramStories/Pods-InstagramStories.debug.xcconfig"; sourceTree = "<group>"; };
		A93F28D93E82F98C333EF7F8 /* Pods-InstagramStories.release.xcconfig */ = {isa = PBXFileReference; includeInIndex = 1; lastKnownFileType = text.xcconfig; name = "Pods-InstagramStories.release.xcconfig"; path = "Pods/Target Support Files/Pods-InstagramStories/Pods-InstagramStories.release.xcconfig"; sourceTree = "<group>"; };
		ADA43F7946E12BD10112B34C /* Pods_InstagramStories.framework */ = {isa = PBXFileReference; explicitFileType = wrapper.framework; includeInIndex = 0; path = Pods_InstagramStories.framework; sourceTree = BUILT_PRODUCTS_DIR; };
/* End PBXFileReference section */

/* Begin PBXFrameworksBuildPhase section */
		07FDECD01F5FD9BA004BC833 /* Frameworks */ = {
			isa = PBXFrameworksBuildPhase;
			buildActionMask = 2147483647;
			files = (
				1BFEE8405F8F82FD47FB2942 /* Pods_InstagramStories.framework in Frameworks */,
			);
			runOnlyForDeploymentPostprocessing = 0;
		};
/* End PBXFrameworksBuildPhase section */

/* Begin PBXGroup section */
		078E41231F61A3E000222191 /* Stubs */ = {
			isa = PBXGroup;
			children = (
				078E413C1F61E86500222191 /* stories.json */,
			);
			name = Stubs;
			sourceTree = "<group>";
		};
		078E41441F62137100222191 /* Extension */ = {
			isa = PBXGroup;
			children = (
				078E41451F62137E00222191 /* ImageView+Additions.swift */,
				10E19A201F88E0DB00170EFA /* IGSnap+Additions.swift */,
				078E41471F6213FF00222191 /* Color+Additions.swift */,
			);
			name = Extension;
			sourceTree = "<group>";
		};
		07EBE8EF1F67293F007BCF29 /* Common */ = {
			isa = PBXGroup;
			children = (
				07EBE8F01F672951007BCF29 /* IGCommon.swift */,
				0743496C1F782FFD00F02228 /* IGConstants.swift */,
			);
			name = Common;
			sourceTree = "<group>";
		};
		07FDECCA1F5FD9BA004BC833 = {
			isa = PBXGroup;
			children = (
				07FDECD51F5FD9BA004BC833 /* InstagramStories */,
				07FDECD41F5FD9BA004BC833 /* Products */,
				DE68E5B9A2923CB2094E4BDB /* Pods */,
				9F57F37EDD8FC7D62F8C08A5 /* Frameworks */,
			);
			sourceTree = "<group>";
		};
		07FDECD41F5FD9BA004BC833 /* Products */ = {
			isa = PBXGroup;
			children = (
				07FDECD31F5FD9BA004BC833 /* InstagramStories.app */,
			);
			name = Products;
			sourceTree = "<group>";
		};
		07FDECD51F5FD9BA004BC833 /* InstagramStories */ = {
			isa = PBXGroup;
			children = (
				07FDECD61F5FD9BA004BC833 /* AppDelegate.swift */,
				07FDECDD1F5FD9BA004BC833 /* Assets.xcassets */,
				07FDECDF1F5FD9BA004BC833 /* LaunchScreen.storyboard */,
				07FDECE21F5FD9BA004BC833 /* Info.plist */,
				07EBE8EF1F67293F007BCF29 /* Common */,
				078E41441F62137100222191 /* Extension */,
				078E41231F61A3E000222191 /* Stubs */,
				1099661C1F605789005292CF /* Models */,
				109966071F6053AD005292CF /* Controllers */,
			);
			path = InstagramStories;
			sourceTree = "<group>";
		};
		109966071F6053AD005292CF /* Controllers */ = {
			isa = PBXGroup;
			children = (
				1099660A1F6053DA005292CF /* IGHomeController.swift */,
				1099660B1F6053DA005292CF /* IGHomeController.xib */,
				109966081F6053DA005292CF /* IGAddStoryCell.swift */,
				109966091F6053DA005292CF /* IGAddStoryCell.xib */,
				1099660C1F6053DA005292CF /* IGStoryListCell.swift */,
				1099660D1F6053DA005292CF /* IGStoryListCell.xib */,
				109966101F6053DA005292CF /* IGStoryPreviewController.swift */,
				109966111F6053DA005292CF /* IGStoryPreviewController.xib */,
				1099660E1F6053DA005292CF /* IGStoryPreviewCell.swift */,
				1099660F1F6053DA005292CF /* IGStoryPreviewCell.xib */,
				1099661F1F6057FB005292CF /* IGStoryPreviewHeaderView.swift */,
				109966211F605818005292CF /* IGStoryPreviewHeaderView.xib */,
				0774D5191F7641AF0089791B /* IGSnapProgressView.swift */,
			);
			name = Controllers;
			sourceTree = "<group>";
		};
		1099661C1F605789005292CF /* Models */ = {
			isa = PBXGroup;
			children = (
				078E413E1F61EA2A00222191 /* IGStories.swift */,
				078E41391F61E83200222191 /* IGStory.swift */,
				07B380C31F7C5AC800577D01 /* IGStory+Additions.swift */,
				078E41381F61E83200222191 /* IGSnap.swift */,
				078E41421F62092C00222191 /* IGUser.swift */,
			);
			name = Models;
			sourceTree = "<group>";
		};
		9F57F37EDD8FC7D62F8C08A5 /* Frameworks */ = {
			isa = PBXGroup;
			children = (
				ADA43F7946E12BD10112B34C /* Pods_InstagramStories.framework */,
			);
			name = Frameworks;
			sourceTree = "<group>";
		};
		DE68E5B9A2923CB2094E4BDB /* Pods */ = {
			isa = PBXGroup;
			children = (
				56918266D90E0721D78EBEA7 /* Pods-InstagramStories.debug.xcconfig */,
				A93F28D93E82F98C333EF7F8 /* Pods-InstagramStories.release.xcconfig */,
			);
			name = Pods;
			sourceTree = "<group>";
		};
/* End PBXGroup section */

/* Begin PBXNativeTarget section */
		07FDECD21F5FD9BA004BC833 /* InstagramStories */ = {
			isa = PBXNativeTarget;
			buildConfigurationList = 07FDECE51F5FD9BA004BC833 /* Build configuration list for PBXNativeTarget "InstagramStories" */;
			buildPhases = (
				44E39ADDC5B6BC22AD6DE218 /* [CP] Check Pods Manifest.lock */,
				07FDECCF1F5FD9BA004BC833 /* Sources */,
				07FDECD01F5FD9BA004BC833 /* Frameworks */,
				07FDECD11F5FD9BA004BC833 /* Resources */,
				03E791D7B060970A2EF6D286 /* [CP] Embed Pods Frameworks */,
				3CFF0914175D08127AA8AB48 /* [CP] Copy Pods Resources */,
				071EA86E1F79B5DE00FF06A0 /* ShellScript */,
			);
			buildRules = (
			);
			dependencies = (
			);
			name = InstagramStories;
			productName = InstagramStories;
			productReference = 07FDECD31F5FD9BA004BC833 /* InstagramStories.app */;
			productType = "com.apple.product-type.application";
		};
/* End PBXNativeTarget section */

/* Begin PBXProject section */
		07FDECCB1F5FD9BA004BC833 /* Project object */ = {
			isa = PBXProject;
			attributes = {
				CLASSPREFIX = IG;
				LastSwiftUpdateCheck = 0830;
				LastUpgradeCheck = 0900;
				ORGANIZATIONNAME = Dash;
				TargetAttributes = {
					07FDECD21F5FD9BA004BC833 = {
						CreatedOnToolsVersion = 8.3.3;
						DevelopmentTeam = FLQ72JV77K;
						LastSwiftMigration = 0900;
						ProvisioningStyle = Automatic;
					};
				};
			};
			buildConfigurationList = 07FDECCE1F5FD9BA004BC833 /* Build configuration list for PBXProject "InstagramStories" */;
			compatibilityVersion = "Xcode 3.2";
			developmentRegion = English;
			hasScannedForEncodings = 0;
			knownRegions = (
				en,
				Base,
			);
			mainGroup = 07FDECCA1F5FD9BA004BC833;
			productRefGroup = 07FDECD41F5FD9BA004BC833 /* Products */;
			projectDirPath = "";
			projectRoot = "";
			targets = (
				07FDECD21F5FD9BA004BC833 /* InstagramStories */,
			);
		};
/* End PBXProject section */

/* Begin PBXResourcesBuildPhase section */
		07FDECD11F5FD9BA004BC833 /* Resources */ = {
			isa = PBXResourcesBuildPhase;
			buildActionMask = 2147483647;
			files = (
				1099661B1F6053DA005292CF /* IGStoryPreviewController.xib in Resources */,
				07FDECE11F5FD9BA004BC833 /* LaunchScreen.storyboard in Resources */,
				109966171F6053DA005292CF /* IGStoryListCell.xib in Resources */,
				078E413D1F61E86500222191 /* stories.json in Resources */,
				109966131F6053DA005292CF /* IGAddStoryCell.xib in Resources */,
				109966221F605818005292CF /* IGStoryPreviewHeaderView.xib in Resources */,
				109966191F6053DA005292CF /* IGStoryPreviewCell.xib in Resources */,
				07FDECDE1F5FD9BA004BC833 /* Assets.xcassets in Resources */,
				109966151F6053DA005292CF /* IGHomeController.xib in Resources */,
			);
			runOnlyForDeploymentPostprocessing = 0;
		};
/* End PBXResourcesBuildPhase section */

/* Begin PBXShellScriptBuildPhase section */
		03E791D7B060970A2EF6D286 /* [CP] Embed Pods Frameworks */ = {
			isa = PBXShellScriptBuildPhase;
			buildActionMask = 2147483647;
			files = (
			);
			inputPaths = (
			);
			name = "[CP] Embed Pods Frameworks";
			outputPaths = (
			);
			runOnlyForDeploymentPostprocessing = 0;
			shellPath = /bin/sh;
			shellScript = "\"${SRCROOT}/Pods/Target Support Files/Pods-InstagramStories/Pods-InstagramStories-frameworks.sh\"\n";
			showEnvVarsInLog = 0;
		};
		071EA86E1F79B5DE00FF06A0 /* ShellScript */ = {
			isa = PBXShellScriptBuildPhase;
			buildActionMask = 12;
			files = (
			);
			inputPaths = (
			);
			outputPaths = (
			);
			runOnlyForDeploymentPostprocessing = 0;
			shellPath = /bin/sh;
			shellScript = "TAGS=\"TODO:|FIXME:\"\necho \"searching ${SRCROOT} for ${TAGS}\"\nfind \"${SRCROOT}\" \\( -name \"*.swift\" \\) -print0 \\\n| xargs -0 egrep --with-filename --line-number --only-matching \"($TAGS).*\\$\" \\\n| perl -p -e \"s/($TAGS)/ warning: \\$1/\"";
		};
		3CFF0914175D08127AA8AB48 /* [CP] Copy Pods Resources */ = {
			isa = PBXShellScriptBuildPhase;
			buildActionMask = 2147483647;
			files = (
			);
			inputPaths = (
			);
			name = "[CP] Copy Pods Resources";
			outputPaths = (
			);
			runOnlyForDeploymentPostprocessing = 0;
			shellPath = /bin/sh;
			shellScript = "\"${SRCROOT}/Pods/Target Support Files/Pods-InstagramStories/Pods-InstagramStories-resources.sh\"\n";
			showEnvVarsInLog = 0;
		};
		44E39ADDC5B6BC22AD6DE218 /* [CP] Check Pods Manifest.lock */ = {
			isa = PBXShellScriptBuildPhase;
			buildActionMask = 2147483647;
			files = (
			);
			inputPaths = (
			);
			name = "[CP] Check Pods Manifest.lock";
			outputPaths = (
			);
			runOnlyForDeploymentPostprocessing = 0;
			shellPath = /bin/sh;
			shellScript = "diff \"${PODS_PODFILE_DIR_PATH}/Podfile.lock\" \"${PODS_ROOT}/Manifest.lock\" > /dev/null\nif [ $? != 0 ] ; then\n    # print error to STDERR\n    echo \"error: The sandbox is not in sync with the Podfile.lock. Run 'pod install' or update your CocoaPods installation.\" >&2\n    exit 1\nfi\n";
			showEnvVarsInLog = 0;
		};
/* End PBXShellScriptBuildPhase section */

/* Begin PBXSourcesBuildPhase section */
		07FDECCF1F5FD9BA004BC833 /* Sources */ = {
			isa = PBXSourcesBuildPhase;
			buildActionMask = 2147483647;
			files = (
				078E41481F62140000222191 /* Color+Additions.swift in Sources */,
				10E19A211F88E0DB00170EFA /* IGSnap+Additions.swift in Sources */,
				109966201F6057FB005292CF /* IGStoryPreviewHeaderView.swift in Sources */,
				1099661A1F6053DA005292CF /* IGStoryPreviewController.swift in Sources */,
				109966181F6053DA005292CF /* IGStoryPreviewCell.swift in Sources */,
				07FDECD71F5FD9BA004BC833 /* AppDelegate.swift in Sources */,
				109966161F6053DA005292CF /* IGStoryListCell.swift in Sources */,
				078E41461F62137E00222191 /* ImageView+Additions.swift in Sources */,
				0743496D1F782FFD00F02228 /* IGConstants.swift in Sources */,
				07B380C41F7C5AC800577D01 /* IGStory+Additions.swift in Sources */,
				078E413B1F61E83200222191 /* IGStory.swift in Sources */,
				078E413A1F61E83200222191 /* IGSnap.swift in Sources */,
				078E413F1F61EA2A00222191 /* IGStories.swift in Sources */,
				109966121F6053DA005292CF /* IGAddStoryCell.swift in Sources */,
				0774D51A1F7641AF0089791B /* IGSnapProgressView.swift in Sources */,
				078E41431F62092C00222191 /* IGUser.swift in Sources */,
				07EBE8F11F672951007BCF29 /* IGCommon.swift in Sources */,
				109966141F6053DA005292CF /* IGHomeController.swift in Sources */,
			);
			runOnlyForDeploymentPostprocessing = 0;
		};
/* End PBXSourcesBuildPhase section */

/* Begin PBXVariantGroup section */
		07FDECDF1F5FD9BA004BC833 /* LaunchScreen.storyboard */ = {
			isa = PBXVariantGroup;
			children = (
				07FDECE01F5FD9BA004BC833 /* Base */,
			);
			name = LaunchScreen.storyboard;
			sourceTree = "<group>";
		};
/* End PBXVariantGroup section */

/* Begin XCBuildConfiguration section */
		07FDECE31F5FD9BA004BC833 /* Debug */ = {
			isa = XCBuildConfiguration;
			buildSettings = {
				ALWAYS_SEARCH_USER_PATHS = NO;
				CLANG_ANALYZER_NONNULL = YES;
				CLANG_ANALYZER_NUMBER_OBJECT_CONVERSION = YES_AGGRESSIVE;
				CLANG_CXX_LANGUAGE_STANDARD = "gnu++0x";
				CLANG_CXX_LIBRARY = "libc++";
				CLANG_ENABLE_MODULES = YES;
				CLANG_ENABLE_OBJC_ARC = YES;
				CLANG_WARN_BLOCK_CAPTURE_AUTORELEASING = YES;
				CLANG_WARN_BOOL_CONVERSION = YES;
				CLANG_WARN_COMMA = YES;
				CLANG_WARN_CONSTANT_CONVERSION = YES;
				CLANG_WARN_DIRECT_OBJC_ISA_USAGE = YES_ERROR;
				CLANG_WARN_DOCUMENTATION_COMMENTS = YES;
				CLANG_WARN_EMPTY_BODY = YES;
				CLANG_WARN_ENUM_CONVERSION = YES;
				CLANG_WARN_INFINITE_RECURSION = YES;
				CLANG_WARN_INT_CONVERSION = YES;
				CLANG_WARN_NON_LITERAL_NULL_CONVERSION = YES;
				CLANG_WARN_OBJC_LITERAL_CONVERSION = YES;
				CLANG_WARN_OBJC_ROOT_CLASS = YES_ERROR;
				CLANG_WARN_RANGE_LOOP_ANALYSIS = YES;
				CLANG_WARN_STRICT_PROTOTYPES = YES;
				CLANG_WARN_SUSPICIOUS_MOVE = YES;
				CLANG_WARN_UNREACHABLE_CODE = YES;
				CLANG_WARN__DUPLICATE_METHOD_MATCH = YES;
				"CODE_SIGN_IDENTITY[sdk=iphoneos*]" = "iPhone Developer";
				COPY_PHASE_STRIP = NO;
				DEBUG_INFORMATION_FORMAT = dwarf;
				ENABLE_STRICT_OBJC_MSGSEND = YES;
				ENABLE_TESTABILITY = YES;
				GCC_C_LANGUAGE_STANDARD = gnu99;
				GCC_DYNAMIC_NO_PIC = NO;
				GCC_NO_COMMON_BLOCKS = YES;
				GCC_OPTIMIZATION_LEVEL = 0;
				GCC_PREPROCESSOR_DEFINITIONS = (
					"DEBUG=1",
					"$(inherited)",
				);
				GCC_WARN_64_TO_32_BIT_CONVERSION = YES;
				GCC_WARN_ABOUT_RETURN_TYPE = YES_ERROR;
				GCC_WARN_UNDECLARED_SELECTOR = YES;
				GCC_WARN_UNINITIALIZED_AUTOS = YES_AGGRESSIVE;
				GCC_WARN_UNUSED_FUNCTION = YES;
				GCC_WARN_UNUSED_VARIABLE = YES;
				IPHONEOS_DEPLOYMENT_TARGET = 10.3;
				MTL_ENABLE_DEBUG_INFO = YES;
				ONLY_ACTIVE_ARCH = YES;
				SDKROOT = iphoneos;
				SWIFT_ACTIVE_COMPILATION_CONDITIONS = DEBUG;
				SWIFT_OPTIMIZATION_LEVEL = "-Onone";
			};
			name = Debug;
		};
		07FDECE41F5FD9BA004BC833 /* Release */ = {
			isa = XCBuildConfiguration;
			buildSettings = {
				ALWAYS_SEARCH_USER_PATHS = NO;
				CLANG_ANALYZER_NONNULL = YES;
				CLANG_ANALYZER_NUMBER_OBJECT_CONVERSION = YES_AGGRESSIVE;
				CLANG_CXX_LANGUAGE_STANDARD = "gnu++0x";
				CLANG_CXX_LIBRARY = "libc++";
				CLANG_ENABLE_MODULES = YES;
				CLANG_ENABLE_OBJC_ARC = YES;
				CLANG_WARN_BLOCK_CAPTURE_AUTORELEASING = YES;
				CLANG_WARN_BOOL_CONVERSION = YES;
				CLANG_WARN_COMMA = YES;
				CLANG_WARN_CONSTANT_CONVERSION = YES;
				CLANG_WARN_DIRECT_OBJC_ISA_USAGE = YES_ERROR;
				CLANG_WARN_DOCUMENTATION_COMMENTS = YES;
				CLANG_WARN_EMPTY_BODY = YES;
				CLANG_WARN_ENUM_CONVERSION = YES;
				CLANG_WARN_INFINITE_RECURSION = YES;
				CLANG_WARN_INT_CONVERSION = YES;
				CLANG_WARN_NON_LITERAL_NULL_CONVERSION = YES;
				CLANG_WARN_OBJC_LITERAL_CONVERSION = YES;
				CLANG_WARN_OBJC_ROOT_CLASS = YES_ERROR;
				CLANG_WARN_RANGE_LOOP_ANALYSIS = YES;
				CLANG_WARN_STRICT_PROTOTYPES = YES;
				CLANG_WARN_SUSPICIOUS_MOVE = YES;
				CLANG_WARN_UNREACHABLE_CODE = YES;
				CLANG_WARN__DUPLICATE_METHOD_MATCH = YES;
				"CODE_SIGN_IDENTITY[sdk=iphoneos*]" = "iPhone Developer";
				COPY_PHASE_STRIP = NO;
				DEBUG_INFORMATION_FORMAT = "dwarf-with-dsym";
				ENABLE_NS_ASSERTIONS = NO;
				ENABLE_STRICT_OBJC_MSGSEND = YES;
				GCC_C_LANGUAGE_STANDARD = gnu99;
				GCC_NO_COMMON_BLOCKS = YES;
				GCC_WARN_64_TO_32_BIT_CONVERSION = YES;
				GCC_WARN_ABOUT_RETURN_TYPE = YES_ERROR;
				GCC_WARN_UNDECLARED_SELECTOR = YES;
				GCC_WARN_UNINITIALIZED_AUTOS = YES_AGGRESSIVE;
				GCC_WARN_UNUSED_FUNCTION = YES;
				GCC_WARN_UNUSED_VARIABLE = YES;
				IPHONEOS_DEPLOYMENT_TARGET = 10.3;
				MTL_ENABLE_DEBUG_INFO = NO;
				SDKROOT = iphoneos;
				SWIFT_OPTIMIZATION_LEVEL = "-Owholemodule";
				VALIDATE_PRODUCT = YES;
			};
			name = Release;
		};
		07FDECE61F5FD9BA004BC833 /* Debug */ = {
			isa = XCBuildConfiguration;
			baseConfigurationReference = 56918266D90E0721D78EBEA7 /* Pods-InstagramStories.debug.xcconfig */;
			buildSettings = {
				ASSETCATALOG_COMPILER_APPICON_NAME = AppIcon;
				DEVELOPMENT_TEAM = FLQ72JV77K;
				INFOPLIST_FILE = InstagramStories/Info.plist;
				LD_RUNPATH_SEARCH_PATHS = "$(inherited) @executable_path/Frameworks";
				PRODUCT_BUNDLE_IDENTIFIER = com.ranjith.InstagramStoriess1;
				PRODUCT_NAME = "$(TARGET_NAME)";
				SWIFT_SWIFT3_OBJC_INFERENCE = Off;
				SWIFT_VERSION = 4.0;
			};
			name = Debug;
		};
		07FDECE71F5FD9BA004BC833 /* Release */ = {
			isa = XCBuildConfiguration;
			baseConfigurationReference = A93F28D93E82F98C333EF7F8 /* Pods-InstagramStories.release.xcconfig */;
			buildSettings = {
				ASSETCATALOG_COMPILER_APPICON_NAME = AppIcon;
				DEVELOPMENT_TEAM = FLQ72JV77K;
				INFOPLIST_FILE = InstagramStories/Info.plist;
				LD_RUNPATH_SEARCH_PATHS = "$(inherited) @executable_path/Frameworks";
				PRODUCT_BUNDLE_IDENTIFIER = com.ranjith.InstagramStoriess1;
				PRODUCT_NAME = "$(TARGET_NAME)";
				SWIFT_SWIFT3_OBJC_INFERENCE = Off;
				SWIFT_VERSION = 4.0;
			};
			name = Release;
		};
/* End XCBuildConfiguration section */

/* Begin XCConfigurationList section */
		07FDECCE1F5FD9BA004BC833 /* Build configuration list for PBXProject "InstagramStories" */ = {
			isa = XCConfigurationList;
			buildConfigurations = (
				07FDECE31F5FD9BA004BC833 /* Debug */,
				07FDECE41F5FD9BA004BC833 /* Release */,
			);
			defaultConfigurationIsVisible = 0;
			defaultConfigurationName = Release;
		};
		07FDECE51F5FD9BA004BC833 /* Build configuration list for PBXNativeTarget "InstagramStories" */ = {
			isa = XCConfigurationList;
			buildConfigurations = (
				07FDECE61F5FD9BA004BC833 /* Debug */,
				07FDECE71F5FD9BA004BC833 /* Release */,
			);
			defaultConfigurationIsVisible = 0;
			defaultConfigurationName = Release;
		};
/* End XCConfigurationList section */
	};
	rootObject = 07FDECCB1F5FD9BA004BC833 /* Project object */;
}
