// !$*UTF8*$!
{
	archiveVersion = 1;
	classes = {
	};
	objectVersion = 46;
	objects = {

/* Begin PBXBuildFile section */
		0748617B1F9D4D0900C1AC1F /* InstagramStoriesTests.swift in Sources */ = {isa = PBXBuildFile; fileRef = 0748617A1F9D4D0900C1AC1F /* InstagramStoriesTests.swift */; };
		078E413D1F61E86500222191 /* stories.json in Resources */ = {isa = PBXBuildFile; fileRef = 078E413C1F61E86500222191 /* stories.json */; };
		07FDECD71F5FD9BA004BC833 /* AppDelegate.swift in Sources */ = {isa = PBXBuildFile; fileRef = 07FDECD61F5FD9BA004BC833 /* AppDelegate.swift */; };
		07FDECDE1F5FD9BA004BC833 /* Assets.xcassets in Resources */ = {isa = PBXBuildFile; fileRef = 07FDECDD1F5FD9BA004BC833 /* Assets.xcassets */; };
		07FDECE11F5FD9BA004BC833 /* LaunchScreen.storyboard in Resources */ = {isa = PBXBuildFile; fileRef = 07FDECDF1F5FD9BA004BC833 /* LaunchScreen.storyboard */; };
		1024C9FA1FAA0D4400237538 /* IGHomeController.swift in Sources */ = {isa = PBXBuildFile; fileRef = 1024C9F61FAA0D4300237538 /* IGHomeController.swift */; };
		1024C9FB1FAA0D4400237538 /* IGAddStoryCell.swift in Sources */ = {isa = PBXBuildFile; fileRef = 1024C9F71FAA0D4300237538 /* IGAddStoryCell.swift */; };
		1024C9FC1FAA0D4400237538 /* IGStoryListCell.swift in Sources */ = {isa = PBXBuildFile; fileRef = 1024C9F81FAA0D4300237538 /* IGStoryListCell.swift */; };
		1024C9FF1FAA0D5F00237538 /* IGHomeView.swift in Sources */ = {isa = PBXBuildFile; fileRef = 1024C9FE1FAA0D5F00237538 /* IGHomeView.swift */; };
		1024CA011FAA102200237538 /* IGHomeViewModel.swift in Sources */ = {isa = PBXBuildFile; fileRef = 1024CA001FAA102200237538 /* IGHomeViewModel.swift */; };
		109966181F6053DA005292CF /* IGStoryPreviewCell.swift in Sources */ = {isa = PBXBuildFile; fileRef = 1099660E1F6053DA005292CF /* IGStoryPreviewCell.swift */; };
		4C1E29CB22316F6F0070FD27 /* LICENSE in Resources */ = {isa = PBXBuildFile; fileRef = 4C1E29BD22316F6F0070FD27 /* LICENSE */; };
		4C1E29CC22316F6F0070FD27 /* CubeAttributesAnimator.swift in Sources */ = {isa = PBXBuildFile; fileRef = 4C1E29BF22316F6F0070FD27 /* CubeAttributesAnimator.swift */; };
		4C1E29CD22316F6F0070FD27 /* AnimatedCollectionViewLayout.swift in Sources */ = {isa = PBXBuildFile; fileRef = 4C1E29C022316F6F0070FD27 /* AnimatedCollectionViewLayout.swift */; };
		4C1E29D122316F6F0070FD27 /* UIView+Anchor.swift in Sources */ = {isa = PBXBuildFile; fileRef = 4C1E29C422316F6F0070FD27 /* UIView+Anchor.swift */; };
		4C1E29D622316F6F0070FD27 /* LayoutAttributesAnimator.swift in Sources */ = {isa = PBXBuildFile; fileRef = 4C1E29C922316F6F0070FD27 /* LayoutAttributesAnimator.swift */; };
		4C1E29D722316F6F0070FD27 /* README.md in Resources */ = {isa = PBXBuildFile; fileRef = 4C1E29CA22316F6F0070FD27 /* README.md */; };
		4C1E29D9223206200070FD27 /* IGPlayerView.swift in Sources */ = {isa = PBXBuildFile; fileRef = 4C1E29D8223206200070FD27 /* IGPlayerView.swift */; };
		7951B195225F70F300DA5688 /* IGRoundedView.swift in Sources */ = {isa = PBXBuildFile; fileRef = 7951B194225F70F300DA5688 /* IGRoundedView.swift */; };
		D6287E3B223FC6320070E5FE /* Reachability.swift in Sources */ = {isa = PBXBuildFile; fileRef = D6287E3A223FC6320070E5FE /* Reachability.swift */; };
		D6287E3E223FC6420070E5FE /* IGMockLoader.swift in Sources */ = {isa = PBXBuildFile; fileRef = D6287E3D223FC6420070E5FE /* IGMockLoader.swift */; };
		D6287E44223FC6660070E5FE /* UIView+Extension.swift in Sources */ = {isa = PBXBuildFile; fileRef = D6287E40223FC6660070E5FE /* UIView+Extension.swift */; };
		D6287E45223FC6660070E5FE /* IGAdditions.swift in Sources */ = {isa = PBXBuildFile; fileRef = D6287E41223FC6660070E5FE /* IGAdditions.swift */; };
		D6287E46223FC6660070E5FE /* Color+Additions.swift in Sources */ = {isa = PBXBuildFile; fileRef = D6287E42223FC6660070E5FE /* Color+Additions.swift */; };
		D6287E47223FC6660070E5FE /* ImageView+Additions.swift in Sources */ = {isa = PBXBuildFile; fileRef = D6287E43223FC6660070E5FE /* ImageView+Additions.swift */; };
		D6287E4C223FC67B0070E5FE /* IGCommon.swift in Sources */ = {isa = PBXBuildFile; fileRef = D6287E49223FC67B0070E5FE /* IGCommon.swift */; };
		D6287E4D223FC67B0070E5FE /* IGConstants.swift in Sources */ = {isa = PBXBuildFile; fileRef = D6287E4A223FC67B0070E5FE /* IGConstants.swift */; };
		D6287E4E223FC67B0070E5FE /* IGRetryButton.swift in Sources */ = {isa = PBXBuildFile; fileRef = D6287E4B223FC67B0070E5FE /* IGRetryButton.swift */; };
		D6287E54223FC68F0070E5FE /* IGStory.swift in Sources */ = {isa = PBXBuildFile; fileRef = D6287E50223FC68F0070E5FE /* IGStory.swift */; };
		D6287E55223FC68F0070E5FE /* IGStories.swift in Sources */ = {isa = PBXBuildFile; fileRef = D6287E51223FC68F0070E5FE /* IGStories.swift */; };
		D6287E56223FC68F0070E5FE /* IGSnap.swift in Sources */ = {isa = PBXBuildFile; fileRef = D6287E52223FC68F0070E5FE /* IGSnap.swift */; };
		D6287E57223FC68F0070E5FE /* IGUser.swift in Sources */ = {isa = PBXBuildFile; fileRef = D6287E53223FC68F0070E5FE /* IGUser.swift */; };
		D6287E5B223FC69B0070E5FE /* IGSnapProgressView.swift in Sources */ = {isa = PBXBuildFile; fileRef = D6287E59223FC69B0070E5FE /* IGSnapProgressView.swift */; };
		D6287E5C223FC69B0070E5FE /* IGStoryPreviewHeaderView.swift in Sources */ = {isa = PBXBuildFile; fileRef = D6287E5A223FC69B0070E5FE /* IGStoryPreviewHeaderView.swift */; };
		D6287E61223FC6BA0070E5FE /* IGStoryPreviewView.swift in Sources */ = {isa = PBXBuildFile; fileRef = D6287E5E223FC6BA0070E5FE /* IGStoryPreviewView.swift */; };
		D6287E62223FC6BA0070E5FE /* IGStoryPreviewModel.swift in Sources */ = {isa = PBXBuildFile; fileRef = D6287E5F223FC6BA0070E5FE /* IGStoryPreviewModel.swift */; };
		D6287E63223FC6BA0070E5FE /* IGStoryPreviewController.swift in Sources */ = {isa = PBXBuildFile; fileRef = D6287E60223FC6BA0070E5FE /* IGStoryPreviewController.swift */; };
		D65EC3F722539C08000D01B6 /* IGURLSession.swift in Sources */ = {isa = PBXBuildFile; fileRef = D65EC3F622539C08000D01B6 /* IGURLSession.swift */; };
		D65EC3F922539C66000D01B6 /* IGError.swift in Sources */ = {isa = PBXBuildFile; fileRef = D65EC3F822539C66000D01B6 /* IGError.swift */; };
		D65EC3FB22539DD6000D01B6 /* IGResult.swift in Sources */ = {isa = PBXBuildFile; fileRef = D65EC3FA22539DD6000D01B6 /* IGResult.swift */; };
		D65EC3FD22539E65000D01B6 /* IGImageRequestable.swift in Sources */ = {isa = PBXBuildFile; fileRef = D65EC3FC22539E65000D01B6 /* IGImageRequestable.swift */; };
		D65EC3FF22539ED7000D01B6 /* UIImageView+Extension.swift in Sources */ = {isa = PBXBuildFile; fileRef = D65EC3FE22539ED7000D01B6 /* UIImageView+Extension.swift */; };
		D6D240AA22520755008C0738 /* IGCache.swift in Sources */ = {isa = PBXBuildFile; fileRef = D6D240A922520755008C0738 /* IGCache.swift */; };
/* End PBXBuildFile section */

/* Begin PBXContainerItemProxy section */
		0748617D1F9D4D0900C1AC1F /* PBXContainerItemProxy */ = {
			isa = PBXContainerItemProxy;
			containerPortal = 07FDECCB1F5FD9BA004BC833 /* Project object */;
			proxyType = 1;
			remoteGlobalIDString = 07FDECD21F5FD9BA004BC833;
			remoteInfo = InstagramStories;
		};
/* End PBXContainerItemProxy section */

/* Begin PBXFileReference section */
		074861781F9D4D0900C1AC1F /* InstagramStoriesTests.xctest */ = {isa = PBXFileReference; explicitFileType = wrapper.cfbundle; includeInIndex = 0; path = InstagramStoriesTests.xctest; sourceTree = BUILT_PRODUCTS_DIR; };
		0748617A1F9D4D0900C1AC1F /* InstagramStoriesTests.swift */ = {isa = PBXFileReference; lastKnownFileType = sourcecode.swift; path = InstagramStoriesTests.swift; sourceTree = "<group>"; };
		0748617C1F9D4D0900C1AC1F /* Info.plist */ = {isa = PBXFileReference; lastKnownFileType = text.plist.xml; path = Info.plist; sourceTree = "<group>"; };
		078E413C1F61E86500222191 /* stories.json */ = {isa = PBXFileReference; fileEncoding = 4; lastKnownFileType = text.json; path = stories.json; sourceTree = "<group>"; };
		07FDECD31F5FD9BA004BC833 /* InstagramStories.app */ = {isa = PBXFileReference; explicitFileType = wrapper.application; includeInIndex = 0; path = InstagramStories.app; sourceTree = BUILT_PRODUCTS_DIR; };
		07FDECD61F5FD9BA004BC833 /* AppDelegate.swift */ = {isa = PBXFileReference; lastKnownFileType = sourcecode.swift; path = AppDelegate.swift; sourceTree = "<group>"; };
		07FDECDD1F5FD9BA004BC833 /* Assets.xcassets */ = {isa = PBXFileReference; lastKnownFileType = folder.assetcatalog; path = Assets.xcassets; sourceTree = "<group>"; };
		07FDECE01F5FD9BA004BC833 /* Base */ = {isa = PBXFileReference; lastKnownFileType = file.storyboard; name = Base; path = Base.lproj/LaunchScreen.storyboard; sourceTree = "<group>"; };
		07FDECE21F5FD9BA004BC833 /* Info.plist */ = {isa = PBXFileReference; lastKnownFileType = text.plist.xml; path = Info.plist; sourceTree = "<group>"; };
		1024C9F61FAA0D4300237538 /* IGHomeController.swift */ = {isa = PBXFileReference; fileEncoding = 4; lastKnownFileType = sourcecode.swift; name = IGHomeController.swift; path = Modules/Home/IGHomeController.swift; sourceTree = "<group>"; };
		1024C9F71FAA0D4300237538 /* IGAddStoryCell.swift */ = {isa = PBXFileReference; fileEncoding = 4; lastKnownFileType = sourcecode.swift; name = IGAddStoryCell.swift; path = Modules/Home/IGAddStoryCell.swift; sourceTree = "<group>"; };
		1024C9F81FAA0D4300237538 /* IGStoryListCell.swift */ = {isa = PBXFileReference; fileEncoding = 4; lastKnownFileType = sourcecode.swift; name = IGStoryListCell.swift; path = Modules/Home/IGStoryListCell.swift; sourceTree = "<group>"; };
		1024C9FE1FAA0D5F00237538 /* IGHomeView.swift */ = {isa = PBXFileReference; lastKnownFileType = sourcecode.swift; name = IGHomeView.swift; path = Modules/Home/IGHomeView.swift; sourceTree = "<group>"; };
		1024CA001FAA102200237538 /* IGHomeViewModel.swift */ = {isa = PBXFileReference; lastKnownFileType = sourcecode.swift; name = IGHomeViewModel.swift; path = Modules/Home/IGHomeViewModel.swift; sourceTree = "<group>"; };
		1099660E1F6053DA005292CF /* IGStoryPreviewCell.swift */ = {isa = PBXFileReference; fileEncoding = 4; lastKnownFileType = sourcecode.swift; path = IGStoryPreviewCell.swift; sourceTree = "<group>"; };
		4C1E29BD22316F6F0070FD27 /* LICENSE */ = {isa = PBXFileReference; fileEncoding = 4; lastKnownFileType = text; path = LICENSE; sourceTree = "<group>"; };
		4C1E29BF22316F6F0070FD27 /* CubeAttributesAnimator.swift */ = {isa = PBXFileReference; fileEncoding = 4; lastKnownFileType = sourcecode.swift; path = CubeAttributesAnimator.swift; sourceTree = "<group>"; };
		4C1E29C022316F6F0070FD27 /* AnimatedCollectionViewLayout.swift */ = {isa = PBXFileReference; fileEncoding = 4; lastKnownFileType = sourcecode.swift; path = AnimatedCollectionViewLayout.swift; sourceTree = "<group>"; };
		4C1E29C422316F6F0070FD27 /* UIView+Anchor.swift */ = {isa = PBXFileReference; fileEncoding = 4; lastKnownFileType = sourcecode.swift; path = "UIView+Anchor.swift"; sourceTree = "<group>"; };
		4C1E29C922316F6F0070FD27 /* LayoutAttributesAnimator.swift */ = {isa = PBXFileReference; fileEncoding = 4; lastKnownFileType = sourcecode.swift; path = LayoutAttributesAnimator.swift; sourceTree = "<group>"; };
		4C1E29CA22316F6F0070FD27 /* README.md */ = {isa = PBXFileReference; fileEncoding = 4; lastKnownFileType = net.daringfireball.markdown; path = README.md; sourceTree = "<group>"; };
		4C1E29D8223206200070FD27 /* IGPlayerView.swift */ = {isa = PBXFileReference; fileEncoding = 4; lastKnownFileType = sourcecode.swift; path = IGPlayerView.swift; sourceTree = "<group>"; };
		7951B194225F70F300DA5688 /* IGRoundedView.swift */ = {isa = PBXFileReference; fileEncoding = 4; lastKnownFileType = sourcecode.swift; path = IGRoundedView.swift; sourceTree = "<group>"; };
		D6287E3A223FC6320070E5FE /* Reachability.swift */ = {isa = PBXFileReference; fileEncoding = 4; lastKnownFileType = sourcecode.swift; path = Reachability.swift; sourceTree = "<group>"; };
		D6287E3D223FC6420070E5FE /* IGMockLoader.swift */ = {isa = PBXFileReference; fileEncoding = 4; lastKnownFileType = sourcecode.swift; path = IGMockLoader.swift; sourceTree = "<group>"; };
		D6287E40223FC6660070E5FE /* UIView+Extension.swift */ = {isa = PBXFileReference; fileEncoding = 4; lastKnownFileType = sourcecode.swift; path = "UIView+Extension.swift"; sourceTree = "<group>"; };
		D6287E41223FC6660070E5FE /* IGAdditions.swift */ = {isa = PBXFileReference; fileEncoding = 4; lastKnownFileType = sourcecode.swift; path = IGAdditions.swift; sourceTree = "<group>"; };
		D6287E42223FC6660070E5FE /* Color+Additions.swift */ = {isa = PBXFileReference; fileEncoding = 4; lastKnownFileType = sourcecode.swift; path = "Color+Additions.swift"; sourceTree = "<group>"; };
		D6287E43223FC6660070E5FE /* ImageView+Additions.swift */ = {isa = PBXFileReference; fileEncoding = 4; lastKnownFileType = sourcecode.swift; path = "ImageView+Additions.swift"; sourceTree = "<group>"; };
		D6287E49223FC67B0070E5FE /* IGCommon.swift */ = {isa = PBXFileReference; fileEncoding = 4; lastKnownFileType = sourcecode.swift; path = IGCommon.swift; sourceTree = "<group>"; };
		D6287E4A223FC67B0070E5FE /* IGConstants.swift */ = {isa = PBXFileReference; fileEncoding = 4; lastKnownFileType = sourcecode.swift; path = IGConstants.swift; sourceTree = "<group>"; };
		D6287E4B223FC67B0070E5FE /* IGRetryButton.swift */ = {isa = PBXFileReference; fileEncoding = 4; lastKnownFileType = sourcecode.swift; path = IGRetryButton.swift; sourceTree = "<group>"; };
		D6287E50223FC68F0070E5FE /* IGStory.swift */ = {isa = PBXFileReference; fileEncoding = 4; lastKnownFileType = sourcecode.swift; path = IGStory.swift; sourceTree = "<group>"; };
		D6287E51223FC68F0070E5FE /* IGStories.swift */ = {isa = PBXFileReference; fileEncoding = 4; lastKnownFileType = sourcecode.swift; path = IGStories.swift; sourceTree = "<group>"; };
		D6287E52223FC68F0070E5FE /* IGSnap.swift */ = {isa = PBXFileReference; fileEncoding = 4; lastKnownFileType = sourcecode.swift; path = IGSnap.swift; sourceTree = "<group>"; };
		D6287E53223FC68F0070E5FE /* IGUser.swift */ = {isa = PBXFileReference; fileEncoding = 4; lastKnownFileType = sourcecode.swift; path = IGUser.swift; sourceTree = "<group>"; };
		D6287E59223FC69B0070E5FE /* IGSnapProgressView.swift */ = {isa = PBXFileReference; fileEncoding = 4; lastKnownFileType = sourcecode.swift; path = IGSnapProgressView.swift; sourceTree = "<group>"; };
		D6287E5A223FC69B0070E5FE /* IGStoryPreviewHeaderView.swift */ = {isa = PBXFileReference; fileEncoding = 4; lastKnownFileType = sourcecode.swift; path = IGStoryPreviewHeaderView.swift; sourceTree = "<group>"; };
		D6287E5E223FC6BA0070E5FE /* IGStoryPreviewView.swift */ = {isa = PBXFileReference; fileEncoding = 4; lastKnownFileType = sourcecode.swift; path = IGStoryPreviewView.swift; sourceTree = "<group>"; };
		D6287E5F223FC6BA0070E5FE /* IGStoryPreviewModel.swift */ = {isa = PBXFileReference; fileEncoding = 4; lastKnownFileType = sourcecode.swift; path = IGStoryPreviewModel.swift; sourceTree = "<group>"; };
		D6287E60223FC6BA0070E5FE /* IGStoryPreviewController.swift */ = {isa = PBXFileReference; fileEncoding = 4; lastKnownFileType = sourcecode.swift; path = IGStoryPreviewController.swift; sourceTree = "<group>"; };
		D65EC3F622539C08000D01B6 /* IGURLSession.swift */ = {isa = PBXFileReference; lastKnownFileType = sourcecode.swift; path = IGURLSession.swift; sourceTree = "<group>"; };
		D65EC3F822539C66000D01B6 /* IGError.swift */ = {isa = PBXFileReference; lastKnownFileType = sourcecode.swift; path = IGError.swift; sourceTree = "<group>"; };
		D65EC3FA22539DD6000D01B6 /* IGResult.swift */ = {isa = PBXFileReference; lastKnownFileType = sourcecode.swift; path = IGResult.swift; sourceTree = "<group>"; };
		D65EC3FC22539E65000D01B6 /* IGImageRequestable.swift */ = {isa = PBXFileReference; lastKnownFileType = sourcecode.swift; path = IGImageRequestable.swift; sourceTree = "<group>"; };
		D65EC3FE22539ED7000D01B6 /* UIImageView+Extension.swift */ = {isa = PBXFileReference; lastKnownFileType = sourcecode.swift; path = "UIImageView+Extension.swift"; sourceTree = "<group>"; };
		D65EC40422573B7D000D01B6 /* AVFoundation.framework */ = {isa = PBXFileReference; lastKnownFileType = wrapper.framework; name = AVFoundation.framework; path = System/Library/Frameworks/AVFoundation.framework; sourceTree = SDKROOT; };
		D6D240A922520755008C0738 /* IGCache.swift */ = {isa = PBXFileReference; lastKnownFileType = sourcecode.swift; path = IGCache.swift; sourceTree = "<group>"; };
/* End PBXFileReference section */

/* Begin PBXFrameworksBuildPhase section */
		074861751F9D4D0900C1AC1F /* Frameworks */ = {
			isa = PBXFrameworksBuildPhase;
			buildActionMask = 2147483647;
			files = (
			);
			runOnlyForDeploymentPostprocessing = 0;
		};
		07FDECD01F5FD9BA004BC833 /* Frameworks */ = {
			isa = PBXFrameworksBuildPhase;
			buildActionMask = 2147483647;
			files = (
			);
			runOnlyForDeploymentPostprocessing = 0;
		};
/* End PBXFrameworksBuildPhase section */

/* Begin PBXGroup section */
		072E5AA6225FA71D005FF9D1 /* External */ = {
			isa = PBXGroup;
			children = (
				4C1E29BC22316F6F0070FD27 /* AnimatedCollectionViewLayout */,
				D6287E39223FC6320070E5FE /* Reachability */,
			);
			path = External;
			sourceTree = "<group>";
		};
		074861791F9D4D0900C1AC1F /* InstagramStoriesTests */ = {
			isa = PBXGroup;
			children = (
				0748617A1F9D4D0900C1AC1F /* InstagramStoriesTests.swift */,
				0748617C1F9D4D0900C1AC1F /* Info.plist */,
			);
			path = InstagramStoriesTests;
			sourceTree = "<group>";
		};
		07FDECCA1F5FD9BA004BC833 = {
			isa = PBXGroup;
			children = (
				07FDECD51F5FD9BA004BC833 /* InstagramStories */,
				074861791F9D4D0900C1AC1F /* InstagramStoriesTests */,
				07FDECD41F5FD9BA004BC833 /* Products */,
				9F57F37EDD8FC7D62F8C08A5 /* Frameworks */,
			);
			sourceTree = "<group>";
		};
		07FDECD41F5FD9BA004BC833 /* Products */ = {
			isa = PBXGroup;
			children = (
				07FDECD31F5FD9BA004BC833 /* InstagramStories.app */,
				074861781F9D4D0900C1AC1F /* InstagramStoriesTests.xctest */,
			);
			name = Products;
			sourceTree = "<group>";
		};
		07FDECD51F5FD9BA004BC833 /* InstagramStories */ = {
			isa = PBXGroup;
			children = (
				07FDECE21F5FD9BA004BC833 /* Info.plist */,
				078E413C1F61E86500222191 /* stories.json */,
				07FDECD61F5FD9BA004BC833 /* AppDelegate.swift */,
				07FDECDD1F5FD9BA004BC833 /* Assets.xcassets */,
				07FDECDF1F5FD9BA004BC833 /* LaunchScreen.storyboard */,
				D6287E36223FC17E0070E5FE /* Source */,
				10CE857C1FAA0C69005643D0 /* Modules */,
			);
			path = InstagramStories;
			sourceTree = "<group>";
		};
		1024C9F51FAA0D3A00237538 /* Home */ = {
			isa = PBXGroup;
			children = (
				1024C9F61FAA0D4300237538 /* IGHomeController.swift */,
				1024C9FE1FAA0D5F00237538 /* IGHomeView.swift */,
				1024CA001FAA102200237538 /* IGHomeViewModel.swift */,
				1024C9F71FAA0D4300237538 /* IGAddStoryCell.swift */,
				1024C9F81FAA0D4300237538 /* IGStoryListCell.swift */,
			);
			name = Home;
			sourceTree = "<group>";
		};
		10CE857C1FAA0C69005643D0 /* Modules */ = {
			isa = PBXGroup;
			children = (
				1024C9F51FAA0D3A00237538 /* Home */,
				D6287E5D223FC6BA0070E5FE /* StoryPreview */,
			);
			name = Modules;
			sourceTree = "<group>";
		};
		4C1E29BC22316F6F0070FD27 /* AnimatedCollectionViewLayout */ = {
			isa = PBXGroup;
			children = (
				4C1E29BD22316F6F0070FD27 /* LICENSE */,
				4C1E29BE22316F6F0070FD27 /* Source */,
				4C1E29CA22316F6F0070FD27 /* README.md */,
			);
			path = AnimatedCollectionViewLayout;
			sourceTree = "<group>";
		};
		4C1E29BE22316F6F0070FD27 /* Source */ = {
			isa = PBXGroup;
			children = (
				4C1E29BF22316F6F0070FD27 /* CubeAttributesAnimator.swift */,
				4C1E29C022316F6F0070FD27 /* AnimatedCollectionViewLayout.swift */,
				4C1E29C422316F6F0070FD27 /* UIView+Anchor.swift */,
				4C1E29C922316F6F0070FD27 /* LayoutAttributesAnimator.swift */,
			);
			path = Source;
			sourceTree = "<group>";
		};
		9F57F37EDD8FC7D62F8C08A5 /* Frameworks */ = {
			isa = PBXGroup;
			children = (
				D65EC40422573B7D000D01B6 /* AVFoundation.framework */,
			);
			name = Frameworks;
			sourceTree = "<group>";
		};
		D6287E36223FC17E0070E5FE /* Source */ = {
			isa = PBXGroup;
			children = (
				072E5AA6225FA71D005FF9D1 /* External */,
				D6D240A8225206D5008C0738 /* ImageStorer */,
				D6287E3C223FC6420070E5FE /* Stubs */,
				D6287E3F223FC6660070E5FE /* Extension */,
				D6287E48223FC67B0070E5FE /* Common */,
				D6287E4F223FC68F0070E5FE /* Models */,
				D6287E58223FC69B0070E5FE /* StoryHeaderView & ProgressView */,
				D6287E37223FC2050070E5FE /* IGPlayerView */,
				D65EC406225791D9000D01B6 /* StoryPreviewView */,
				D6287E38223FC2440070E5FE /* CollectionViewCell */,
			);
			path = Source;
			sourceTree = "<group>";
		};
		D6287E37223FC2050070E5FE /* IGPlayerView */ = {
			isa = PBXGroup;
			children = (
				4C1E29D8223206200070FD27 /* IGPlayerView.swift */,
			);
			path = IGPlayerView;
			sourceTree = "<group>";
		};
		D6287E38223FC2440070E5FE /* CollectionViewCell */ = {
			isa = PBXGroup;
			children = (
				1099660E1F6053DA005292CF /* IGStoryPreviewCell.swift */,
			);
			path = CollectionViewCell;
			sourceTree = "<group>";
		};
		D6287E39223FC6320070E5FE /* Reachability */ = {
			isa = PBXGroup;
			children = (
				D6287E3A223FC6320070E5FE /* Reachability.swift */,
			);
			path = Reachability;
			sourceTree = "<group>";
		};
		D6287E3C223FC6420070E5FE /* Stubs */ = {
			isa = PBXGroup;
			children = (
				D6287E3D223FC6420070E5FE /* IGMockLoader.swift */,
			);
			path = Stubs;
			sourceTree = "<group>";
		};
		D6287E3F223FC6660070E5FE /* Extension */ = {
			isa = PBXGroup;
			children = (
				D6287E40223FC6660070E5FE /* UIView+Extension.swift */,
				D6287E41223FC6660070E5FE /* IGAdditions.swift */,
				D6287E42223FC6660070E5FE /* Color+Additions.swift */,
				D6287E43223FC6660070E5FE /* ImageView+Additions.swift */,
			);
			path = Extension;
			sourceTree = "<group>";
		};
		D6287E48223FC67B0070E5FE /* Common */ = {
			isa = PBXGroup;
			children = (
				D6287E49223FC67B0070E5FE /* IGCommon.swift */,
				D6287E4A223FC67B0070E5FE /* IGConstants.swift */,
				D6287E4B223FC67B0070E5FE /* IGRetryButton.swift */,
			);
			name = Common;
			path = InstagramStories/Source/Common;
			sourceTree = SOURCE_ROOT;
		};
		D6287E4F223FC68F0070E5FE /* Models */ = {
			isa = PBXGroup;
			children = (
				D6287E50223FC68F0070E5FE /* IGStory.swift */,
				D6287E51223FC68F0070E5FE /* IGStories.swift */,
				D6287E52223FC68F0070E5FE /* IGSnap.swift */,
				D6287E53223FC68F0070E5FE /* IGUser.swift */,
			);
			path = Models;
			sourceTree = "<group>";
		};
		D6287E58223FC69B0070E5FE /* StoryHeaderView & ProgressView */ = {
			isa = PBXGroup;
			children = (
				D6287E59223FC69B0070E5FE /* IGSnapProgressView.swift */,
				D6287E5A223FC69B0070E5FE /* IGStoryPreviewHeaderView.swift */,
			);
			path = "StoryHeaderView & ProgressView";
			sourceTree = "<group>";
		};
		D6287E5D223FC6BA0070E5FE /* StoryPreview */ = {
			isa = PBXGroup;
			children = (
				D6287E5F223FC6BA0070E5FE /* IGStoryPreviewModel.swift */,
				D6287E60223FC6BA0070E5FE /* IGStoryPreviewController.swift */,
			);
			name = StoryPreview;
			path = Modules/StoryPreview;
			sourceTree = "<group>";
		};
		D65EC406225791D9000D01B6 /* StoryPreviewView */ = {
			isa = PBXGroup;
			children = (
				D6287E5E223FC6BA0070E5FE /* IGStoryPreviewView.swift */,
			);
			path = StoryPreviewView;
			sourceTree = "<group>";
		};
		D6D240A8225206D5008C0738 /* ImageStorer */ = {
			isa = PBXGroup;
			children = (
				D6D240A922520755008C0738 /* IGCache.swift */,
				D65EC3F622539C08000D01B6 /* IGURLSession.swift */,
				D65EC3F822539C66000D01B6 /* IGError.swift */,
				D65EC3FA22539DD6000D01B6 /* IGResult.swift */,
				D65EC3FC22539E65000D01B6 /* IGImageRequestable.swift */,
				7951B194225F70F300DA5688 /* IGRoundedView.swift */,
				D65EC3FE22539ED7000D01B6 /* UIImageView+Extension.swift */,
			);
			path = ImageStorer;
			sourceTree = "<group>";
		};
/* End PBXGroup section */

/* Begin PBXNativeTarget section */
		074861771F9D4D0900C1AC1F /* InstagramStoriesTests */ = {
			isa = PBXNativeTarget;
			buildConfigurationList = 0748617F1F9D4D0900C1AC1F /* Build configuration list for PBXNativeTarget "InstagramStoriesTests" */;
			buildPhases = (
				074861741F9D4D0900C1AC1F /* Sources */,
				074861751F9D4D0900C1AC1F /* Frameworks */,
				074861761F9D4D0900C1AC1F /* Resources */,
			);
			buildRules = (
			);
			dependencies = (
				0748617E1F9D4D0900C1AC1F /* PBXTargetDependency */,
			);
			name = InstagramStoriesTests;
			productName = InstagramStoriesTests;
			productReference = 074861781F9D4D0900C1AC1F /* InstagramStoriesTests.xctest */;
			productType = "com.apple.product-type.bundle.unit-test";
		};
		07FDECD21F5FD9BA004BC833 /* InstagramStories */ = {
			isa = PBXNativeTarget;
			buildConfigurationList = 07FDECE51F5FD9BA004BC833 /* Build configuration list for PBXNativeTarget "InstagramStories" */;
			buildPhases = (
				07FDECCF1F5FD9BA004BC833 /* Sources */,
				07FDECD01F5FD9BA004BC833 /* Frameworks */,
				07FDECD11F5FD9BA004BC833 /* Resources */,
				071EA86E1F79B5DE00FF06A0 /* ShellScript */,
			);
			buildRules = (
			);
			dependencies = (
			);
			name = InstagramStories;
			productName = InstagramStories;
			productReference = 07FDECD31F5FD9BA004BC833 /* InstagramStories.app */;
			productType = "com.apple.product-type.application";
		};
/* End PBXNativeTarget section */

/* Begin PBXProject section */
		07FDECCB1F5FD9BA004BC833 /* Project object */ = {
			isa = PBXProject;
			attributes = {
				CLASSPREFIX = IG;
				LastSwiftUpdateCheck = 0900;
				LastUpgradeCheck = 1020;
				ORGANIZATIONNAME = DrawRect;
				TargetAttributes = {
					074861771F9D4D0900C1AC1F = {
						CreatedOnToolsVersion = 9.0.1;
						DevelopmentTeam = 35P9S7STBV;
						LastSwiftMigration = 1020;
						ProvisioningStyle = Automatic;
						TestTargetID = 07FDECD21F5FD9BA004BC833;
					};
					07FDECD21F5FD9BA004BC833 = {
						CreatedOnToolsVersion = 8.3.3;
						DevelopmentTeam = 35P9S7STBV;
						LastSwiftMigration = 1020;
						ProvisioningStyle = Automatic;
					};
				};
			};
			buildConfigurationList = 07FDECCE1F5FD9BA004BC833 /* Build configuration list for PBXProject "InstagramStories" */;
			compatibilityVersion = "Xcode 3.2";
			developmentRegion = English;
			hasScannedForEncodings = 0;
			knownRegions = (
				English,
				en,
				Base,
			);
			mainGroup = 07FDECCA1F5FD9BA004BC833;
			productRefGroup = 07FDECD41F5FD9BA004BC833 /* Products */;
			projectDirPath = "";
			projectRoot = "";
			targets = (
				07FDECD21F5FD9BA004BC833 /* InstagramStories */,
				074861771F9D4D0900C1AC1F /* InstagramStoriesTests */,
			);
		};
/* End PBXProject section */

/* Begin PBXResourcesBuildPhase section */
		074861761F9D4D0900C1AC1F /* Resources */ = {
			isa = PBXResourcesBuildPhase;
			buildActionMask = 2147483647;
			files = (
			);
			runOnlyForDeploymentPostprocessing = 0;
		};
		07FDECD11F5FD9BA004BC833 /* Resources */ = {
			isa = PBXResourcesBuildPhase;
			buildActionMask = 2147483647;
			files = (
				07FDECE11F5FD9BA004BC833 /* LaunchScreen.storyboard in Resources */,
				078E413D1F61E86500222191 /* stories.json in Resources */,
				4C1E29D722316F6F0070FD27 /* README.md in Resources */,
				4C1E29CB22316F6F0070FD27 /* LICENSE in Resources */,
				07FDECDE1F5FD9BA004BC833 /* Assets.xcassets in Resources */,
			);
			runOnlyForDeploymentPostprocessing = 0;
		};
/* End PBXResourcesBuildPhase section */

/* Begin PBXShellScriptBuildPhase section */
		071EA86E1F79B5DE00FF06A0 /* ShellScript */ = {
			isa = PBXShellScriptBuildPhase;
			buildActionMask = 12;
			files = (
			);
			inputPaths = (
			);
			outputPaths = (
			);
			runOnlyForDeploymentPostprocessing = 0;
			shellPath = /bin/sh;
			shellScript = "TAGS=\"TODO:|FIXME:\"\necho \"searching ${SRCROOT} for ${TAGS}\"\nfind \"${SRCROOT}\" \\( -name \"*.swift\" \\) -print0 \\\n| xargs -0 egrep --with-filename --line-number --only-matching \"($TAGS).*\\$\" \\\n| perl -p -e \"s/($TAGS)/ warning: \\$1/\"\n";
		};
/* End PBXShellScriptBuildPhase section */

/* Begin PBXSourcesBuildPhase section */
		074861741F9D4D0900C1AC1F /* Sources */ = {
			isa = PBXSourcesBuildPhase;
			buildActionMask = 2147483647;
			files = (
				0748617B1F9D4D0900C1AC1F /* InstagramStoriesTests.swift in Sources */,
			);
			runOnlyForDeploymentPostprocessing = 0;
		};
		07FDECCF1F5FD9BA004BC833 /* Sources */ = {
			isa = PBXSourcesBuildPhase;
			buildActionMask = 2147483647;
			files = (
				1024C9FB1FAA0D4400237538 /* IGAddStoryCell.swift in Sources */,
				1024CA011FAA102200237538 /* IGHomeViewModel.swift in Sources */,
				D6287E5C223FC69B0070E5FE /* IGStoryPreviewHeaderView.swift in Sources */,
				D6287E45223FC6660070E5FE /* IGAdditions.swift in Sources */,
				D6287E63223FC6BA0070E5FE /* IGStoryPreviewController.swift in Sources */,
				D6287E4E223FC67B0070E5FE /* IGRetryButton.swift in Sources */,
				D6287E61223FC6BA0070E5FE /* IGStoryPreviewView.swift in Sources */,
				D6287E62223FC6BA0070E5FE /* IGStoryPreviewModel.swift in Sources */,
				109966181F6053DA005292CF /* IGStoryPreviewCell.swift in Sources */,
				D6287E3B223FC6320070E5FE /* Reachability.swift in Sources */,
				07FDECD71F5FD9BA004BC833 /* AppDelegate.swift in Sources */,
				D6287E54223FC68F0070E5FE /* IGStory.swift in Sources */,
				D6287E55223FC68F0070E5FE /* IGStories.swift in Sources */,
				1024C9FF1FAA0D5F00237538 /* IGHomeView.swift in Sources */,
				D65EC3FB22539DD6000D01B6 /* IGResult.swift in Sources */,
				D6287E3E223FC6420070E5FE /* IGMockLoader.swift in Sources */,
				D6287E57223FC68F0070E5FE /* IGUser.swift in Sources */,
				D6287E46223FC6660070E5FE /* Color+Additions.swift in Sources */,
				D65EC3FD22539E65000D01B6 /* IGImageRequestable.swift in Sources */,
				D65EC3F922539C66000D01B6 /* IGError.swift in Sources */,
				D6287E56223FC68F0070E5FE /* IGSnap.swift in Sources */,
				D6287E47223FC6660070E5FE /* ImageView+Additions.swift in Sources */,
				D6287E5B223FC69B0070E5FE /* IGSnapProgressView.swift in Sources */,
				D65EC3F722539C08000D01B6 /* IGURLSession.swift in Sources */,
				D6287E44223FC6660070E5FE /* UIView+Extension.swift in Sources */,
				4C1E29D622316F6F0070FD27 /* LayoutAttributesAnimator.swift in Sources */,
				D6287E4D223FC67B0070E5FE /* IGConstants.swift in Sources */,
				4C1E29CD22316F6F0070FD27 /* AnimatedCollectionViewLayout.swift in Sources */,
				D6D240AA22520755008C0738 /* IGCache.swift in Sources */,
				1024C9FC1FAA0D4400237538 /* IGStoryListCell.swift in Sources */,
				D65EC3FF22539ED7000D01B6 /* UIImageView+Extension.swift in Sources */,
				7951B195225F70F300DA5688 /* IGRoundedView.swift in Sources */,
				4C1E29CC22316F6F0070FD27 /* CubeAttributesAnimator.swift in Sources */,
				4C1E29D9223206200070FD27 /* IGPlayerView.swift in Sources */,
				1024C9FA1FAA0D4400237538 /* IGHomeController.swift in Sources */,
				D6287E4C223FC67B0070E5FE /* IGCommon.swift in Sources */,
				4C1E29D122316F6F0070FD27 /* UIView+Anchor.swift in Sources */,
			);
			runOnlyForDeploymentPostprocessing = 0;
		};
/* End PBXSourcesBuildPhase section */

/* Begin PBXTargetDependency section */
		0748617E1F9D4D0900C1AC1F /* PBXTargetDependency */ = {
			isa = PBXTargetDependency;
			target = 07FDECD21F5FD9BA004BC833 /* InstagramStories */;
			targetProxy = 0748617D1F9D4D0900C1AC1F /* PBXContainerItemProxy */;
		};
/* End PBXTargetDependency section */

/* Begin PBXVariantGroup section */
		07FDECDF1F5FD9BA004BC833 /* LaunchScreen.storyboard */ = {
			isa = PBXVariantGroup;
			children = (
				07FDECE01F5FD9BA004BC833 /* Base */,
			);
			name = LaunchScreen.storyboard;
			sourceTree = "<group>";
		};
/* End PBXVariantGroup section */

/* Begin XCBuildConfiguration section */
		074861801F9D4D0900C1AC1F /* Debug */ = {
			isa = XCBuildConfiguration;
			buildSettings = {
				BUNDLE_LOADER = "$(TEST_HOST)";
				CLANG_CXX_LANGUAGE_STANDARD = "gnu++14";
				CLANG_WARN_UNGUARDED_AVAILABILITY = YES_AGGRESSIVE;
				CODE_SIGN_IDENTITY = "iPhone Developer";
				CODE_SIGN_STYLE = Automatic;
				DEVELOPMENT_TEAM = 35P9S7STBV;
				GCC_C_LANGUAGE_STANDARD = gnu11;
				INFOPLIST_FILE = InstagramStoriesTests/Info.plist;
				IPHONEOS_DEPLOYMENT_TARGET = 11.0;
				LD_RUNPATH_SEARCH_PATHS = "$(inherited) @executable_path/Frameworks @loader_path/Frameworks";
				PRODUCT_BUNDLE_IDENTIFIER = com.ranjith.InstagramStoriesTests;
				PRODUCT_NAME = "$(TARGET_NAME)";
				SWIFT_VERSION = 5.0;
				TARGETED_DEVICE_FAMILY = "1,2";
				TEST_HOST = "$(BUILT_PRODUCTS_DIR)/InstagramStories.app/InstagramStories";
			};
			name = Debug;
		};
		074861811F9D4D0900C1AC1F /* Release */ = {
			isa = XCBuildConfiguration;
			buildSettings = {
				BUNDLE_LOADER = "$(TEST_HOST)";
				CLANG_CXX_LANGUAGE_STANDARD = "gnu++14";
				CLANG_WARN_UNGUARDED_AVAILABILITY = YES_AGGRESSIVE;
				CODE_SIGN_IDENTITY = "iPhone Developer";
				CODE_SIGN_STYLE = Automatic;
				DEVELOPMENT_TEAM = 35P9S7STBV;
				GCC_C_LANGUAGE_STANDARD = gnu11;
				INFOPLIST_FILE = InstagramStoriesTests/Info.plist;
				IPHONEOS_DEPLOYMENT_TARGET = 11.0;
				LD_RUNPATH_SEARCH_PATHS = "$(inherited) @executable_path/Frameworks @loader_path/Frameworks";
				PRODUCT_BUNDLE_IDENTIFIER = com.ranjith.InstagramStoriesTests;
				PRODUCT_NAME = "$(TARGET_NAME)";
				SWIFT_VERSION = 5.0;
				TARGETED_DEVICE_FAMILY = "1,2";
				TEST_HOST = "$(BUILT_PRODUCTS_DIR)/InstagramStories.app/InstagramStories";
			};
			name = Release;
		};
		07FDECE31F5FD9BA004BC833 /* Debug */ = {
			isa = XCBuildConfiguration;
			buildSettings = {
				ALWAYS_SEARCH_USER_PATHS = NO;
				CLANG_ANALYZER_LOCALIZABILITY_NONLOCALIZED = YES;
				CLANG_ANALYZER_NONNULL = YES;
				CLANG_ANALYZER_NUMBER_OBJECT_CONVERSION = YES_AGGRESSIVE;
				CLANG_CXX_LANGUAGE_STANDARD = "gnu++0x";
				CLANG_CXX_LIBRARY = "libc++";
				CLANG_ENABLE_MODULES = YES;
				CLANG_ENABLE_OBJC_ARC = YES;
				CLANG_WARN_BLOCK_CAPTURE_AUTORELEASING = YES;
				CLANG_WARN_BOOL_CONVERSION = YES;
				CLANG_WARN_COMMA = YES;
				CLANG_WARN_CONSTANT_CONVERSION = YES;
				CLANG_WARN_DEPRECATED_OBJC_IMPLEMENTATIONS = YES;
				CLANG_WARN_DIRECT_OBJC_ISA_USAGE = YES_ERROR;
				CLANG_WARN_DOCUMENTATION_COMMENTS = YES;
				CLANG_WARN_EMPTY_BODY = YES;
				CLANG_WARN_ENUM_CONVERSION = YES;
				CLANG_WARN_INFINITE_RECURSION = YES;
				CLANG_WARN_INT_CONVERSION = YES;
				CLANG_WARN_NON_LITERAL_NULL_CONVERSION = YES;
				CLANG_WARN_OBJC_IMPLICIT_RETAIN_SELF = YES;
				CLANG_WARN_OBJC_LITERAL_CONVERSION = YES;
				CLANG_WARN_OBJC_ROOT_CLASS = YES_ERROR;
				CLANG_WARN_RANGE_LOOP_ANALYSIS = YES;
				CLANG_WARN_STRICT_PROTOTYPES = YES;
				CLANG_WARN_SUSPICIOUS_MOVE = YES;
				CLANG_WARN_UNREACHABLE_CODE = YES;
				CLANG_WARN__DUPLICATE_METHOD_MATCH = YES;
				"CODE_SIGN_IDENTITY[sdk=iphoneos*]" = "iPhone Developer";
				COPY_PHASE_STRIP = NO;
				DEBUG_INFORMATION_FORMAT = dwarf;
				ENABLE_STRICT_OBJC_MSGSEND = YES;
				ENABLE_TESTABILITY = YES;
				GCC_C_LANGUAGE_STANDARD = gnu99;
				GCC_DYNAMIC_NO_PIC = NO;
				GCC_NO_COMMON_BLOCKS = YES;
				GCC_OPTIMIZATION_LEVEL = 0;
				GCC_PREPROCESSOR_DEFINITIONS = (
					"DEBUG=1",
					"$(inherited)",
				);
				GCC_WARN_64_TO_32_BIT_CONVERSION = YES;
				GCC_WARN_ABOUT_RETURN_TYPE = YES_ERROR;
				GCC_WARN_UNDECLARED_SELECTOR = YES;
				GCC_WARN_UNINITIALIZED_AUTOS = YES_AGGRESSIVE;
				GCC_WARN_UNUSED_FUNCTION = YES;
				GCC_WARN_UNUSED_VARIABLE = YES;
				IPHONEOS_DEPLOYMENT_TARGET = 10.3;
				MTL_ENABLE_DEBUG_INFO = YES;
				ONLY_ACTIVE_ARCH = YES;
				SDKROOT = iphoneos;
				SWIFT_ACTIVE_COMPILATION_CONDITIONS = DEBUG;
				SWIFT_OPTIMIZATION_LEVEL = "-Onone";
			};
			name = Debug;
		};
		07FDECE41F5FD9BA004BC833 /* Release */ = {
			isa = XCBuildConfiguration;
			buildSettings = {
				ALWAYS_SEARCH_USER_PATHS = NO;
				CLANG_ANALYZER_LOCALIZABILITY_NONLOCALIZED = YES;
				CLANG_ANALYZER_NONNULL = YES;
				CLANG_ANALYZER_NUMBER_OBJECT_CONVERSION = YES_AGGRESSIVE;
				CLANG_CXX_LANGUAGE_STANDARD = "gnu++0x";
				CLANG_CXX_LIBRARY = "libc++";
				CLANG_ENABLE_MODULES = YES;
				CLANG_ENABLE_OBJC_ARC = YES;
				CLANG_WARN_BLOCK_CAPTURE_AUTORELEASING = YES;
				CLANG_WARN_BOOL_CONVERSION = YES;
				CLANG_WARN_COMMA = YES;
				CLANG_WARN_CONSTANT_CONVERSION = YES;
				CLANG_WARN_DEPRECATED_OBJC_IMPLEMENTATIONS = YES;
				CLANG_WARN_DIRECT_OBJC_ISA_USAGE = YES_ERROR;
				CLANG_WARN_DOCUMENTATION_COMMENTS = YES;
				CLANG_WARN_EMPTY_BODY = YES;
				CLANG_WARN_ENUM_CONVERSION = YES;
				CLANG_WARN_INFINITE_RECURSION = YES;
				CLANG_WARN_INT_CONVERSION = YES;
				CLANG_WARN_NON_LITERAL_NULL_CONVERSION = YES;
				CLANG_WARN_OBJC_IMPLICIT_RETAIN_SELF = YES;
				CLANG_WARN_OBJC_LITERAL_CONVERSION = YES;
				CLANG_WARN_OBJC_ROOT_CLASS = YES_ERROR;
				CLANG_WARN_RANGE_LOOP_ANALYSIS = YES;
				CLANG_WARN_STRICT_PROTOTYPES = YES;
				CLANG_WARN_SUSPICIOUS_MOVE = YES;
				CLANG_WARN_UNREACHABLE_CODE = YES;
				CLANG_WARN__DUPLICATE_METHOD_MATCH = YES;
				"CODE_SIGN_IDENTITY[sdk=iphoneos*]" = "iPhone Developer";
				COPY_PHASE_STRIP = NO;
				DEBUG_INFORMATION_FORMAT = "dwarf-with-dsym";
				ENABLE_NS_ASSERTIONS = NO;
				ENABLE_STRICT_OBJC_MSGSEND = YES;
				GCC_C_LANGUAGE_STANDARD = gnu99;
				GCC_NO_COMMON_BLOCKS = YES;
				GCC_WARN_64_TO_32_BIT_CONVERSION = YES;
				GCC_WARN_ABOUT_RETURN_TYPE = YES_ERROR;
				GCC_WARN_UNDECLARED_SELECTOR = YES;
				GCC_WARN_UNINITIALIZED_AUTOS = YES_AGGRESSIVE;
				GCC_WARN_UNUSED_FUNCTION = YES;
				GCC_WARN_UNUSED_VARIABLE = YES;
				IPHONEOS_DEPLOYMENT_TARGET = 10.3;
				MTL_ENABLE_DEBUG_INFO = NO;
				SDKROOT = iphoneos;
				SWIFT_OPTIMIZATION_LEVEL = "-Owholemodule";
				VALIDATE_PRODUCT = YES;
			};
			name = Release;
		};
		07FDECE61F5FD9BA004BC833 /* Debug */ = {
			isa = XCBuildConfiguration;
			buildSettings = {
				ALWAYS_EMBED_SWIFT_STANDARD_LIBRARIES = YES;
				ASSETCATALOG_COMPILER_APPICON_NAME = AppIcon;
				BUNDLE_LOADER = "";
				CODE_SIGN_IDENTITY = "iPhone Developer";
				CODE_SIGN_STYLE = Automatic;
				DEVELOPMENT_TEAM = 35P9S7STBV;
				GCC_SYMBOLS_PRIVATE_EXTERN = YES;
				INFOPLIST_FILE = InstagramStories/Info.plist;
				IPHONEOS_DEPLOYMENT_TARGET = 10.0;
				LD_RUNPATH_SEARCH_PATHS = "$(inherited) @executable_path/Frameworks";
				PRODUCT_BUNDLE_IDENTIFIER = com.drawrect.InstagramStories1;
				PRODUCT_NAME = "$(TARGET_NAME)";
				PROVISIONING_PROFILE_SPECIFIER = "";
				SWIFT_VERSION = 5.0;
				TEST_HOST = "";
			};
			name = Debug;
		};
		07FDECE71F5FD9BA004BC833 /* Release */ = {
			isa = XCBuildConfiguration;
			buildSettings = {
				ALWAYS_EMBED_SWIFT_STANDARD_LIBRARIES = YES;
				ASSETCATALOG_COMPILER_APPICON_NAME = AppIcon;
				BUNDLE_LOADER = "";
				CODE_SIGN_IDENTITY = "iPhone Developer";
				CODE_SIGN_STYLE = Automatic;
				DEVELOPMENT_TEAM = 35P9S7STBV;
				GCC_SYMBOLS_PRIVATE_EXTERN = YES;
				INFOPLIST_FILE = InstagramStories/Info.plist;
				IPHONEOS_DEPLOYMENT_TARGET = 10.0;
				LD_RUNPATH_SEARCH_PATHS = "$(inherited) @executable_path/Frameworks";
				PRODUCT_BUNDLE_IDENTIFIER = com.drawrect.InstagramStories1;
				PRODUCT_NAME = "$(TARGET_NAME)";
				PROVISIONING_PROFILE_SPECIFIER = "";
				SWIFT_VERSION = 5.0;
				TEST_HOST = "";
			};
			name = Release;
		};
/* End XCBuildConfiguration section */

/* Begin XCConfigurationList section */
		0748617F1F9D4D0900C1AC1F /* Build configuration list for PBXNativeTarget "InstagramStoriesTests" */ = {
			isa = XCConfigurationList;
			buildConfigurations = (
				074861801F9D4D0900C1AC1F /* Debug */,
				074861811F9D4D0900C1AC1F /* Release */,
			);
			defaultConfigurationIsVisible = 0;
			defaultConfigurationName = Release;
		};
		07FDECCE1F5FD9BA004BC833 /* Build configuration list for PBXProject "InstagramStories" */ = {
			isa = XCConfigurationList;
			buildConfigurations = (
				07FDECE31F5FD9BA004BC833 /* Debug */,
				07FDECE41F5FD9BA004BC833 /* Release */,
			);
			defaultConfigurationIsVisible = 0;
			defaultConfigurationName = Release;
		};
		07FDECE51F5FD9BA004BC833 /* Build configuration list for PBXNativeTarget "InstagramStories" */ = {
			isa = XCConfigurationList;
			buildConfigurations = (
				07FDECE61F5FD9BA004BC833 /* Debug */,
				07FDECE71F5FD9BA004BC833 /* Release */,
			);
			defaultConfigurationIsVisible = 0;
			defaultConfigurationName = Release;
		};
/* End XCConfigurationList section */
	};
	rootObject = 07FDECCB1F5FD9BA004BC833 /* Project object */;
}
